
Microsoft Visual Studio Solution File, Format Version 12.00
# Visual Studio Version 17
VisualStudioVersion = 17.5.002.0
MinimumVisualStudioVersion = 10.0.40219.1
Project("{2150E333-8FDC-42A3-9474-1A3956D46DE8}") = "csharp-prep", "csharp-prep", "{2BAA1733-E3E3-4ED0-BC66-FEB937B93F0D}"
EndProject
Project("{9A19103F-16F7-4668-BE54-9A1E7A4F7556}") = "Prep1", "csharp-prep\Prep1\Prep1.csproj", "{3C6B4349-3FE1-4C51-BB33-B9A0BEA44983}"
EndProject
Project("{9A19103F-16F7-4668-BE54-9A1E7A4F7556}") = "Prep2", "csharp-prep\Prep2\Prep2.csproj", "{CC33803F-00AD-482F-97F2-EE3001E72B30}"
EndProject
Project("{9A19103F-16F7-4668-BE54-9A1E7A4F7556}") = "Prep3", "csharp-prep\Prep3\Prep3.csproj", "{9B7942A1-2DEB-4B3B-B358-B30CED3BBADD}"
EndProject
Project("{9A19103F-16F7-4668-BE54-9A1E7A4F7556}") = "Prep4", "csharp-prep\Prep4\Prep4.csproj", "{4FF0C6DB-EFA8-4498-B6A2-EBBA734E0421}"
EndProject
Project("{9A19103F-16F7-4668-BE54-9A1E7A4F7556}") = "Prep5", "csharp-prep\Prep5\Prep5.csproj", "{FD63CF74-103A-4952-899A-52605EBEE202}"
EndProject
Project("{2150E333-8FDC-42A3-9474-1A3956D46DE8}") = "final", "final", "{6478647D-62B0-4450-B1C6-379E63BCEE9A}"
EndProject
Project("{9A19103F-16F7-4668-BE54-9A1E7A4F7556}") = "FinalProject", "final\FinalProject\FinalProject.csproj", "{37C677D7-D3DD-4B16-A23B-18D225726078}"
EndProject
Project("{9A19103F-16F7-4668-BE54-9A1E7A4F7556}") = "Foundation1", "final\Foundation1\Foundation1.csproj", "{35D410E0-1C30-4AAD-A6D1-E6D23DFE2C51}"
EndProject
Project("{9A19103F-16F7-4668-BE54-9A1E7A4F7556}") = "Foundation2", "final\Foundation2\Foundation2.csproj", "{4257D504-3D97-408D-B71D-75CD3961EAB0}"
EndProject
Project("{9A19103F-16F7-4668-BE54-9A1E7A4F7556}") = "Foundation3", "final\Foundation3\Foundation3.csproj", "{8D7EF6F7-B462-4CBC-9DE2-4728F512442D}"
EndProject
Project("{9A19103F-16F7-4668-BE54-9A1E7A4F7556}") = "Foundation4", "final\Foundation4\Foundation4.csproj", "{DDA1BFD6-CDF7-4E1C-B7F3-35F05BD8F24F}"
EndProject
Project("{2150E333-8FDC-42A3-9474-1A3956D46DE8}") = "prepare", "prepare", "{14989334-78BF-415E-9E92-06DC01768005}"
EndProject
Project("{9A19103F-16F7-4668-BE54-9A1E7A4F7556}") = "Learning02", "prepare\Learning02\Learning02.csproj", "{8C89DA34-D537-4682-8476-F31E65A0C06C}"
EndProject
Project("{9A19103F-16F7-4668-BE54-9A1E7A4F7556}") = "Learning03", "prepare\Learning03\Learning03.csproj", "{D076DCA4-E383-48F4-82DF-26A385A26F55}"
EndProject
Project("{9A19103F-16F7-4668-BE54-9A1E7A4F7556}") = "Learning04", "prepare\Learning04\Learning04.csproj", "{41898F05-0661-445F-ADC2-7C7F230BAE2C}"
EndProject
Project("{9A19103F-16F7-4668-BE54-9A1E7A4F7556}") = "Learning05", "prepare\Learning05\Learning05.csproj", "{319B59DC-5794-485A-8BFD-4C45080A2B55}"
EndProject
Project("{2150E333-8FDC-42A3-9474-1A3956D46DE8}") = "prove", "prove", "{400073BA-443A-4A99-9171-8DECB22AA1FB}"
EndProject
Project("{9A19103F-16F7-4668-BE54-9A1E7A4F7556}") = "Develop02", "prove\Develop02\Develop02.csproj", "{99EC8839-0C7F-4E70-8F99-1F19FD71F35F}"
EndProject
Project("{9A19103F-16F7-4668-BE54-9A1E7A4F7556}") = "Develop03", "prove\Develop03\Develop03.csproj", "{DA9A274A-CE99-40D1-82A0-72B985BA45DD}"
EndProject
Project("{9A19103F-16F7-4668-BE54-9A1E7A4F7556}") = "Develop04", "prove\Develop04\Develop04.csproj", "{47299965-8C76-4F72-96A4-43BF55761660}"
EndProject
Project("{9A19103F-16F7-4668-BE54-9A1E7A4F7556}") = "Develop05", "prove\Develop05\Develop05.csproj", "{D0A4A0E8-F690-4174-9CDF-81998FA116FD}"
EndProject
Project("{2150E333-8FDC-42A3-9474-1A3956D46DE8}") = "sandbox", "sandbox", "{8B01F78E-9A87-4140-A53E-0E21ACB43399}"
EndProject
Project("{9A19103F-16F7-4668-BE54-9A1E7A4F7556}") = "Sandbox", "sandbox\Sandbox\Sandbox.csproj", "{398E3D18-E673-4469-B15E-9B243EF2B195}"
EndProject
Global
	GlobalSection(SolutionConfigurationPlatforms) = preSolution
		Debug|Any CPU = Debug|Any CPU
		Release|Any CPU = Release|Any CPU
	EndGlobalSection
	GlobalSection(ProjectConfigurationPlatforms) = postSolution
		{3C6B4349-3FE1-4C51-BB33-B9A0BEA44983}.Debug|Any CPU.ActiveCfg = Debug|Any CPU
		{3C6B4349-3FE1-4C51-BB33-B9A0BEA44983}.Debug|Any CPU.Build.0 = Debug|Any CPU
		{3C6B4349-3FE1-4C51-BB33-B9A0BEA44983}.Release|Any CPU.ActiveCfg = Release|Any CPU
		{3C6B4349-3FE1-4C51-BB33-B9A0BEA44983}.Release|Any CPU.Build.0 = Release|Any CPU
		{CC33803F-00AD-482F-97F2-EE3001E72B30}.Debug|Any CPU.ActiveCfg = Debug|Any CPU
		{CC33803F-00AD-482F-97F2-EE3001E72B30}.Debug|Any CPU.Build.0 = Debug|Any CPU
		{CC33803F-00AD-482F-97F2-EE3001E72B30}.Release|Any CPU.ActiveCfg = Release|Any CPU
		{CC33803F-00AD-482F-97F2-EE3001E72B30}.Release|Any CPU.Build.0 = Release|Any CPU
		{9B7942A1-2DEB-4B3B-B358-B30CED3BBADD}.Debug|Any CPU.ActiveCfg = Debug|Any CPU
		{9B7942A1-2DEB-4B3B-B358-B30CED3BBADD}.Debug|Any CPU.Build.0 = Debug|Any CPU
		{9B7942A1-2DEB-4B3B-B358-B30CED3BBADD}.Release|Any CPU.ActiveCfg = Release|Any CPU
		{9B7942A1-2DEB-4B3B-B358-B30CED3BBADD}.Release|Any CPU.Build.0 = Release|Any CPU
		{4FF0C6DB-EFA8-4498-B6A2-EBBA734E0421}.Debug|Any CPU.ActiveCfg = Debug|Any CPU
		{4FF0C6DB-EFA8-4498-B6A2-EBBA734E0421}.Debug|Any CPU.Build.0 = Debug|Any CPU
		{4FF0C6DB-EFA8-4498-B6A2-EBBA734E0421}.Release|Any CPU.ActiveCfg = Release|Any CPU
		{4FF0C6DB-EFA8-4498-B6A2-EBBA734E0421}.Release|Any CPU.Build.0 = Release|Any CPU
		{FD63CF74-103A-4952-899A-52605EBEE202}.Debug|Any CPU.ActiveCfg = Debug|Any CPU
		{FD63CF74-103A-4952-899A-52605EBEE202}.Debug|Any CPU.Build.0 = Debug|Any CPU
		{FD63CF74-103A-4952-899A-52605EBEE202}.Release|Any CPU.ActiveCfg = Release|Any CPU
		{FD63CF74-103A-4952-899A-52605EBEE202}.Release|Any CPU.Build.0 = Release|Any CPU
		{37C677D7-D3DD-4B16-A23B-18D225726078}.Debug|Any CPU.ActiveCfg = Debug|Any CPU
		{37C677D7-D3DD-4B16-A23B-18D225726078}.Debug|Any CPU.Build.0 = Debug|Any CPU
		{37C677D7-D3DD-4B16-A23B-18D225726078}.Release|Any CPU.ActiveCfg = Release|Any CPU
		{37C677D7-D3DD-4B16-A23B-18D225726078}.Release|Any CPU.Build.0 = Release|Any CPU
		{35D410E0-1C30-4AAD-A6D1-E6D23DFE2C51}.Debug|Any CPU.ActiveCfg = Debug|Any CPU
		{35D410E0-1C30-4AAD-A6D1-E6D23DFE2C51}.Debug|Any CPU.Build.0 = Debug|Any CPU
		{35D410E0-1C30-4AAD-A6D1-E6D23DFE2C51}.Release|Any CPU.ActiveCfg = Release|Any CPU
		{35D410E0-1C30-4AAD-A6D1-E6D23DFE2C51}.Release|Any CPU.Build.0 = Release|Any CPU
		{4257D504-3D97-408D-B71D-75CD3961EAB0}.Debug|Any CPU.ActiveCfg = Debug|Any CPU
		{4257D504-3D97-408D-B71D-75CD3961EAB0}.Debug|Any CPU.Build.0 = Debug|Any CPU
		{4257D504-3D97-408D-B71D-75CD3961EAB0}.Release|Any CPU.ActiveCfg = Release|Any CPU
		{4257D504-3D97-408D-B71D-75CD3961EAB0}.Release|Any CPU.Build.0 = Release|Any CPU
		{8D7EF6F7-B462-4CBC-9DE2-4728F512442D}.Debug|Any CPU.ActiveCfg = Debug|Any CPU
		{8D7EF6F7-B462-4CBC-9DE2-4728F512442D}.Debug|Any CPU.Build.0 = Debug|Any CPU
		{8D7EF6F7-B462-4CBC-9DE2-4728F512442D}.Release|Any CPU.ActiveCfg = Release|Any CPU
		{8D7EF6F7-B462-4CBC-9DE2-4728F512442D}.Release|Any CPU.Build.0 = Release|Any CPU
		{DDA1BFD6-CDF7-4E1C-B7F3-35F05BD8F24F}.Debug|Any CPU.ActiveCfg = Debug|Any CPU
		{DDA1BFD6-CDF7-4E1C-B7F3-35F05BD8F24F}.Debug|Any CPU.Build.0 = Debug|Any CPU
		{DDA1BFD6-CDF7-4E1C-B7F3-35F05BD8F24F}.Release|Any CPU.ActiveCfg = Release|Any CPU
		{DDA1BFD6-CDF7-4E1C-B7F3-35F05BD8F24F}.Release|Any CPU.Build.0 = Release|Any CPU
		{8C89DA34-D537-4682-8476-F31E65A0C06C}.Debug|Any CPU.ActiveCfg = Debug|Any CPU
		{8C89DA34-D537-4682-8476-F31E65A0C06C}.Debug|Any CPU.Build.0 = Debug|Any CPU
		{8C89DA34-D537-4682-8476-F31E65A0C06C}.Release|Any CPU.ActiveCfg = Release|Any CPU
		{8C89DA34-D537-4682-8476-F31E65A0C06C}.Release|Any CPU.Build.0 = Release|Any CPU
		{D076DCA4-E383-48F4-82DF-26A385A26F55}.Debug|Any CPU.ActiveCfg = Debug|Any CPU
		{D076DCA4-E383-48F4-82DF-26A385A26F55}.Debug|Any CPU.Build.0 = Debug|Any CPU
		{D076DCA4-E383-48F4-82DF-26A385A26F55}.Release|Any CPU.ActiveCfg = Release|Any CPU
		{D076DCA4-E383-48F4-82DF-26A385A26F55}.Release|Any CPU.Build.0 = Release|Any CPU
		{41898F05-0661-445F-ADC2-7C7F230BAE2C}.Debug|Any CPU.ActiveCfg = Debug|Any CPU
		{41898F05-0661-445F-ADC2-7C7F230BAE2C}.Debug|Any CPU.Build.0 = Debug|Any CPU
		{41898F05-0661-445F-ADC2-7C7F230BAE2C}.Release|Any CPU.ActiveCfg = Release|Any CPU
		{41898F05-0661-445F-ADC2-7C7F230BAE2C}.Release|Any CPU.Build.0 = Release|Any CPU
		{319B59DC-5794-485A-8BFD-4C45080A2B55}.Debug|Any CPU.ActiveCfg = Debug|Any CPU
		{319B59DC-5794-485A-8BFD-4C45080A2B55}.Debug|Any CPU.Build.0 = Debug|Any CPU
		{319B59DC-5794-485A-8BFD-4C45080A2B55}.Release|Any CPU.ActiveCfg = Release|Any CPU
		{319B59DC-5794-485A-8BFD-4C45080A2B55}.Release|Any CPU.Build.0 = Release|Any CPU
		{99EC8839-0C7F-4E70-8F99-1F19FD71F35F}.Debug|Any CPU.ActiveCfg = Debug|Any CPU
		{99EC8839-0C7F-4E70-8F99-1F19FD71F35F}.Debug|Any CPU.Build.0 = Debug|Any CPU
		{99EC8839-0C7F-4E70-8F99-1F19FD71F35F}.Release|Any CPU.ActiveCfg = Release|Any CPU
		{99EC8839-0C7F-4E70-8F99-1F19FD71F35F}.Release|Any CPU.Build.0 = Release|Any CPU
		{DA9A274A-CE99-40D1-82A0-72B985BA45DD}.Debug|Any CPU.ActiveCfg = Debug|Any CPU
		{DA9A274A-CE99-40D1-82A0-72B985BA45DD}.Debug|Any CPU.Build.0 = Debug|Any CPU
		{DA9A274A-CE99-40D1-82A0-72B985BA45DD}.Release|Any CPU.ActiveCfg = Release|Any CPU
		{DA9A274A-CE99-40D1-82A0-72B985BA45DD}.Release|Any CPU.Build.0 = Release|Any CPU
		{47299965-8C76-4F72-96A4-43BF55761660}.Debug|Any CPU.ActiveCfg = Debug|Any CPU
		{47299965-8C76-4F72-96A4-43BF55761660}.Debug|Any CPU.Build.0 = Debug|Any CPU
		{47299965-8C76-4F72-96A4-43BF55761660}.Release|Any CPU.ActiveCfg = Release|Any CPU
		{47299965-8C76-4F72-96A4-43BF55761660}.Release|Any CPU.Build.0 = Release|Any CPU
		{D0A4A0E8-F690-4174-9CDF-81998FA116FD}.Debug|Any CPU.ActiveCfg = Debug|Any CPU
		{D0A4A0E8-F690-4174-9CDF-81998FA116FD}.Debug|Any CPU.Build.0 = Debug|Any CPU
		{D0A4A0E8-F690-4174-9CDF-81998FA116FD}.Release|Any CPU.ActiveCfg = Release|Any CPU
		{D0A4A0E8-F690-4174-9CDF-81998FA116FD}.Release|Any CPU.Build.0 = Release|Any CPU
		{398E3D18-E673-4469-B15E-9B243EF2B195}.Debug|Any CPU.ActiveCfg = Debug|Any CPU
		{398E3D18-E673-4469-B15E-9B243EF2B195}.Debug|Any CPU.Build.0 = Debug|Any CPU
		{398E3D18-E673-4469-B15E-9B243EF2B195}.Release|Any CPU.ActiveCfg = Release|Any CPU
		{398E3D18-E673-4469-B15E-9B243EF2B195}.Release|Any CPU.Build.0 = Release|Any CPU
	EndGlobalSection
	GlobalSection(SolutionProperties) = preSolution
		HideSolutionNode = FALSE
	EndGlobalSection
	GlobalSection(NestedProjects) = preSolution
		{3C6B4349-3FE1-4C51-BB33-B9A0BEA44983} = {2BAA1733-E3E3-4ED0-BC66-FEB937B93F0D}
		{CC33803F-00AD-482F-97F2-EE3001E72B30} = {2BAA1733-E3E3-4ED0-BC66-FEB937B93F0D}
		{9B7942A1-2DEB-4B3B-B358-B30CED3BBADD} = {2BAA1733-E3E3-4ED0-BC66-FEB937B93F0D}
		{4FF0C6DB-EFA8-4498-B6A2-EBBA734E0421} = {2BAA1733-E3E3-4ED0-BC66-FEB937B93F0D}
		{FD63CF74-103A-4952-899A-52605EBEE202} = {2BAA1733-E3E3-4ED0-BC66-FEB937B93F0D}
		{37C677D7-D3DD-4B16-A23B-18D225726078} = {6478647D-62B0-4450-B1C6-379E63BCEE9A}
		{35D410E0-1C30-4AAD-A6D1-E6D23DFE2C51} = {6478647D-62B0-4450-B1C6-379E63BCEE9A}
		{4257D504-3D97-408D-B71D-75CD3961EAB0} = {6478647D-62B0-4450-B1C6-379E63BCEE9A}
		{8D7EF6F7-B462-4CBC-9DE2-4728F512442D} = {6478647D-62B0-4450-B1C6-379E63BCEE9A}
		{DDA1BFD6-CDF7-4E1C-B7F3-35F05BD8F24F} = {6478647D-62B0-4450-B1C6-379E63BCEE9A}
		{8C89DA34-D537-4682-8476-F31E65A0C06C} = {14989334-78BF-415E-9E92-06DC01768005}
		{D076DCA4-E383-48F4-82DF-26A385A26F55} = {14989334-78BF-415E-9E92-06DC01768005}
		{41898F05-0661-445F-ADC2-7C7F230BAE2C} = {14989334-78BF-415E-9E92-06DC01768005}
		{319B59DC-5794-485A-8BFD-4C45080A2B55} = {14989334-78BF-415E-9E92-06DC01768005}
		{99EC8839-0C7F-4E70-8F99-1F19FD71F35F} = {400073BA-443A-4A99-9171-8DECB22AA1FB}
		{DA9A274A-CE99-40D1-82A0-72B985BA45DD} = {400073BA-443A-4A99-9171-8DECB22AA1FB}
		{47299965-8C76-4F72-96A4-43BF55761660} = {400073BA-443A-4A99-9171-8DECB22AA1FB}
		{D0A4A0E8-F690-4174-9CDF-81998FA116FD} = {400073BA-443A-4A99-9171-8DECB22AA1FB}
		{398E3D18-E673-4469-B15E-9B243EF2B195} = {8B01F78E-9A87-4140-A53E-0E21ACB43399}
	EndGlobalSection
	GlobalSection(ExtensibilityGlobals) = postSolution
		SolutionGuid = {B5B8347A-9FDB-49D1-8A13-7A07E362E262}
	EndGlobalSection
EndGlobal
